<?xml version="1.0" encoding="utf-8"?>
<Project ToolsVersion="4.0" xmlns="http://schemas.microsoft.com/developer/msbuild/2003">
  <ItemGroup>
    <Filter Include="Source Files">
      <UniqueIdentifier>{4FC737F1-C7A5-4376-A066-2A32D752A2FF}</UniqueIdentifier>
      <Extensions>cpp;c;cc;cxx;def;odl;idl;hpj;bat;asm;asmx</Extensions>
    </Filter>
    <Filter Include="Header Files">
      <UniqueIdentifier>{93995380-89BD-4b04-88EB-625FBE52EBFB}</UniqueIdentifier>
      <Extensions>h;hpp;hxx;hm;inl;inc;xsd</Extensions>
    </Filter>
    <Filter Include="Resource Files">
      <UniqueIdentifier>{67DA6AB6-F800-4c08-8B7A-83BB121AAD01}</UniqueIdentifier>
      <Extensions>rc;ico;cur;bmp;dlg;rc2;rct;bin;rgs;gif;jpg;jpeg;jpe;resx;tiff;tif;png;wav;mfcribbon-ms</Extensions>
    </Filter>
    <Filter Include="ThirdParty">
      <UniqueIdentifier>{c1718a77-79d1-4e36-a66f-752cd43b979f}</UniqueIdentifier>
    </Filter>
    <Filter Include="ThirdParty\Grid">
      <UniqueIdentifier>{28d349c0-e933-404b-8f7c-4dcd3d20deac}</UniqueIdentifier>
    </Filter>
    <Filter Include="ThirdParty\Grid\GridItem">
      <UniqueIdentifier>{cae9f186-c41c-4905-bbe8-264321325cbd}</UniqueIdentifier>
    </Filter>
    <Filter Include="ThirdParty\Grid\GridCtrl">
      <UniqueIdentifier>{949c49f9-5cbc-466f-95a9-6b8930d032f7}</UniqueIdentifier>
    </Filter>
  </ItemGroup>
  <ItemGroup>
    <None Include="ReadMe.txt" />
    <None Include="KTGridCtrl.def">
      <Filter>Source Files</Filter>
    </None>
    <None Include="res\KTGridCtrl.rc2">
      <Filter>Resource Files</Filter>
    </None>
  </ItemGroup>
  <ItemGroup>
    <ClCompile Include="KTGridCtrl.cpp">
      <Filter>Source Files</Filter>
    </ClCompile>
    <ClCompile Include="dllmain.cpp">
      <Filter>Source Files</Filter>
    </ClCompile>
    <ClCompile Include="stdafx.cpp">
      <Filter>Source Files</Filter>
    </ClCompile>
    <ClCompile Include="GridCtrl\GridCell.cpp">
      <Filter>ThirdParty\Grid\GridCtrl</Filter>
    </ClCompile>
    <ClCompile Include="GridCtrl\GridCellBase.cpp">
      <Filter>ThirdParty\Grid\GridCtrl</Filter>
    </ClCompile>
    <ClCompile Include="GridCtrl\GridDropTarget.cpp">
      <Filter>ThirdParty\Grid\GridCtrl</Filter>
    </ClCompile>
    <ClCompile Include="GridCtrl\InPlaceEdit.cpp">
      <Filter>ThirdParty\Grid\GridCtrl</Filter>
    </ClCompile>
    <ClCompile Include="GridCtrl\TitleTip.cpp">
      <Filter>ThirdParty\Grid\GridCtrl</Filter>
    </ClCompile>
    <ClCompile Include="GridCtrl\ViewPrintPreview.cpp">
      <Filter>ThirdParty\Grid\GridCtrl</Filter>
    </ClCompile>
    <ClCompile Include="GridCtrl\GridCtrl.cpp">
      <Filter>ThirdParty\Grid\GridItem</Filter>
    </ClCompile>
    <ClCompile Include="BaseGridCtrl.cpp">
      <Filter>Source Files</Filter>
    </ClCompile>
  </ItemGroup>
  <ItemGroup>
    <ClInclude Include="stdafx.h">
      <Filter>Header Files</Filter>
    </ClInclude>
    <ClInclude Include="targetver.h">
      <Filter>Header Files</Filter>
    </ClInclude>
    <ClInclude Include="Resource.h">
      <Filter>Header Files</Filter>
    </ClInclude>
    <ClInclude Include="GridCtrl\CellRange.h">
      <Filter>ThirdParty\Grid\GridCtrl</Filter>
    </ClInclude>
    <ClInclude Include="GridCtrl\GridCell.h">
      <Filter>ThirdParty\Grid\GridCtrl</Filter>
    </ClInclude>
    <ClInclude Include="GridCtrl\GridCellBase.h">
      <Filter>ThirdParty\Grid\GridCtrl</Filter>
    </ClInclude>
    <ClInclude Include="GridCtrl\GridDropTarget.h">
      <Filter>ThirdParty\Grid\GridCtrl</Filter>
    </ClInclude>
    <ClInclude Include="GridCtrl\InPlaceEdit.h">
      <Filter>ThirdParty\Grid\GridCtrl</Filter>
    </ClInclude>
    <ClInclude Include="GridCtrl\MemDC.h">
      <Filter>ThirdParty\Grid\GridCtrl</Filter>
    </ClInclude>
    <ClInclude Include="GridCtrl\TitleTip.h">
      <Filter>ThirdParty\Grid\GridCtrl</Filter>
    </ClInclude>
    <ClInclude Include="GridCtrl\ViewPrintPreview.h">
      <Filter>ThirdParty\Grid\GridCtrl</Filter>
    </ClInclude>
    <ClInclude Include="GridCtrl\GridCtrl.h">
      <Filter>ThirdParty\Grid\GridItem</Filter>
    </ClInclude>
    <ClInclude Include="BaseGridCtrl.h">
      <Filter>Header Files</Filter>
    </ClInclude>
  </ItemGroup>
  <ItemGroup>
    <ResourceCompile Include="KTGridCtrl.rc">
      <Filter>Resource Files</Filter>
    </ResourceCompile>
  </ItemGroup>
</Project>